
Microsoft Visual Studio Solution File, Format Version 12.00
Project("{FAE04EC0-301F-11D3-BF4B-00C04F79EFBC}") = "BscScanner.Extensions.Convert", "BscScanner.Extensions.Convert\BscScanner.Extensions.Convert.csproj", "{3C8DAB09-3685-4640-9815-0D2AC530B041}"
EndProject
Project("{FAE04EC0-301F-11D3-BF4B-00C04F79EFBC}") = "BscScanner.Extensions.Convert.Tests", "BscScanner.Extensions.Convert.Tests\BscScanner.Extensions.Convert.Tests.csproj", "{EEEE6E05-04CB-450C-AF12-75E1DB157B46}"
EndProject
Global
	GlobalSection(SolutionConfigurationPlatforms) = preSolution
		Debug|Any CPU = Debug|Any CPU
		Release|Any CPU = Release|Any CPU
	EndGlobalSection
	GlobalSection(ProjectConfigurationPlatforms) = postSolution
		{3C8DAB09-3685-4640-9815-0D2AC530B041}.Debug|Any CPU.ActiveCfg = Debug|Any CPU
		{3C8DAB09-3685-4640-9815-0D2AC530B041}.Debug|Any CPU.Build.0 = Debug|Any CPU
		{3C8DAB09-3685-4640-9815-0D2AC530B041}.Release|Any CPU.ActiveCfg = Release|Any CPU
		{3C8DAB09-3685-4640-9815-0D2AC530B041}.Release|Any CPU.Build.0 = Release|Any CPU
		{EEEE6E05-04CB-450C-AF12-75E1DB157B46}.Debug|Any CPU.ActiveCfg = Debug|Any CPU
		{EEEE6E05-04CB-450C-AF12-75E1DB157B46}.Debug|Any CPU.Build.0 = Debug|Any CPU
		{EEEE6E05-04CB-450C-AF12-75E1DB157B46}.Release|Any CPU.ActiveCfg = Release|Any CPU
		{EEEE6E05-04CB-450C-AF12-75E1DB157B46}.Release|Any CPU.Build.0 = Release|Any CPU
	EndGlobalSection
EndGlobal
